
Microsoft Visual Studio Solution File, Format Version 12.00
# Visual Studio 15
VisualStudioVersion = 15.0.28307.645
MinimumVisualStudioVersion = 10.0.40219.1
Project("{FAE04EC0-301F-11D3-BF4B-00C04F79EFBC}") = "Zadacha5", "Zadacha5\Zadacha5.csproj", "{602C9896-8780-49B2-BE4A-FBD8D0962D8F}"
EndProject
Global
	GlobalSection(SolutionConfigurationPlatforms) = preSolution
		Debug|Any CPU = Debug|Any CPU
		Release|Any CPU = Release|Any CPU
	EndGlobalSection
	GlobalSection(ProjectConfigurationPlatforms) = postSolution
		{602C9896-8780-49B2-BE4A-FBD8D0962D8F}.Debug|Any CPU.ActiveCfg = Debug|Any CPU
		{602C9896-8780-49B2-BE4A-FBD8D0962D8F}.Debug|Any CPU.Build.0 = Debug|Any CPU
		{602C9896-8780-49B2-BE4A-FBD8D0962D8F}.Release|Any CPU.ActiveCfg = Release|Any CPU
		{602C9896-8780-49B2-BE4A-FBD8D0962D8F}.Release|Any CPU.Build.0 = Release|Any CPU
	EndGlobalSection
	GlobalSection(SolutionProperties) = preSolution
		HideSolutionNode = FALSE
	EndGlobalSection
	GlobalSection(ExtensibilityGlobals) = postSolution
		SolutionGuid = {BE2315EF-B402-4823-AD64-0F79C813DD8D}
	EndGlobalSection
EndGlobal
