
Microsoft Visual Studio Solution File, Format Version 12.00
# Visual Studio 15
VisualStudioVersion = 15.0.28307.645
MinimumVisualStudioVersion = 10.0.40219.1
Project("{FAE04EC0-301F-11D3-BF4B-00C04F79EFBC}") = "Mnogougulnik", "Mnogougulnik\Mnogougulnik.csproj", "{9B5F1309-58FF-47E6-8F74-08FA476072DE}"
EndProject
Global
	GlobalSection(SolutionConfigurationPlatforms) = preSolution
		Debug|Any CPU = Debug|Any CPU
		Release|Any CPU = Release|Any CPU
	EndGlobalSection
	GlobalSection(ProjectConfigurationPlatforms) = postSolution
		{9B5F1309-58FF-47E6-8F74-08FA476072DE}.Debug|Any CPU.ActiveCfg = Debug|Any CPU
		{9B5F1309-58FF-47E6-8F74-08FA476072DE}.Debug|Any CPU.Build.0 = Debug|Any CPU
		{9B5F1309-58FF-47E6-8F74-08FA476072DE}.Release|Any CPU.ActiveCfg = Release|Any CPU
		{9B5F1309-58FF-47E6-8F74-08FA476072DE}.Release|Any CPU.Build.0 = Release|Any CPU
	EndGlobalSection
	GlobalSection(SolutionProperties) = preSolution
		HideSolutionNode = FALSE
	EndGlobalSection
	GlobalSection(ExtensibilityGlobals) = postSolution
		SolutionGuid = {AF885B4F-09C3-46BD-AF02-465BEF260A68}
	EndGlobalSection
EndGlobal
